
Microsoft Visual Studio Solution File, Format Version 12.00
# Visual Studio Version 17
VisualStudioVersion = 17.1.32319.34
MinimumVisualStudioVersion = 10.0.40219.1
Project("{FAE04EC0-301F-11D3-BF4B-00C04F79EFBC}") = "Banca5460.UWP", "Banca5460\Banca5460.UWP\Banca5460.UWP.csproj", "{6F8D107A-8CBA-467E-966B-19DB338B45EF}"
EndProject
Project("{FAE04EC0-301F-11D3-BF4B-00C04F79EFBC}") = "Banca5460.Android", "Banca5460\Banca5460.Android\Banca5460.Android.csproj", "{BD4FBE9C-2E34-4C54-A21D-ED02E228B8BA}"
EndProject
Project("{FAE04EC0-301F-11D3-BF4B-00C04F79EFBC}") = "Banca5460.iOS", "Banca5460\Banca5460.iOS\Banca5460.iOS.csproj", "{55DA1026-AF22-468D-9C29-4FB0F8CB86CE}"
EndProject
Project("{FAE04EC0-301F-11D3-BF4B-00C04F79EFBC}") = "Banca5460", "Banca5460\Banca5460\Banca5460.csproj", "{B9DB7C0E-E3A1-4656-9860-25D5CBF93442}"
EndProject
Global
	GlobalSection(SolutionConfigurationPlatforms) = preSolution
		Debug|Any CPU = Debug|Any CPU
		Debug|ARM = Debug|ARM
		Debug|iPhone = Debug|iPhone
		Debug|iPhoneSimulator = Debug|iPhoneSimulator
		Debug|x64 = Debug|x64
		Debug|x86 = Debug|x86
		Release|Any CPU = Release|Any CPU
		Release|ARM = Release|ARM
		Release|iPhone = Release|iPhone
		Release|iPhoneSimulator = Release|iPhoneSimulator
		Release|x64 = Release|x64
		Release|x86 = Release|x86
	EndGlobalSection
	GlobalSection(ProjectConfigurationPlatforms) = postSolution
		{6F8D107A-8CBA-467E-966B-19DB338B45EF}.Debug|Any CPU.ActiveCfg = Debug|x64
		{6F8D107A-8CBA-467E-966B-19DB338B45EF}.Debug|Any CPU.Build.0 = Debug|x64
		{6F8D107A-8CBA-467E-966B-19DB338B45EF}.Debug|Any CPU.Deploy.0 = Debug|x64
		{6F8D107A-8CBA-467E-966B-19DB338B45EF}.Debug|ARM.ActiveCfg = Debug|ARM
		{6F8D107A-8CBA-467E-966B-19DB338B45EF}.Debug|ARM.Build.0 = Debug|ARM
		{6F8D107A-8CBA-467E-966B-19DB338B45EF}.Debug|ARM.Deploy.0 = Debug|ARM
		{6F8D107A-8CBA-467E-966B-19DB338B45EF}.Debug|iPhone.ActiveCfg = Debug|x64
		{6F8D107A-8CBA-467E-966B-19DB338B45EF}.Debug|iPhone.Build.0 = Debug|x64
		{6F8D107A-8CBA-467E-966B-19DB338B45EF}.Debug|iPhone.Deploy.0 = Debug|x64
		{6F8D107A-8CBA-467E-966B-19DB338B45EF}.Debug|iPhoneSimulator.ActiveCfg = Debug|x64
		{6F8D107A-8CBA-467E-966B-19DB338B45EF}.Debug|iPhoneSimulator.Build.0 = Debug|x64
		{6F8D107A-8CBA-467E-966B-19DB338B45EF}.Debug|iPhoneSimulator.Deploy.0 = Debug|x64
		{6F8D107A-8CBA-467E-966B-19DB338B45EF}.Debug|x64.ActiveCfg = Debug|x64
		{6F8D107A-8CBA-467E-966B-19DB338B45EF}.Debug|x64.Build.0 = Debug|x64
		{6F8D107A-8CBA-467E-966B-19DB338B45EF}.Debug|x64.Deploy.0 = Debug|x64
		{6F8D107A-8CBA-467E-966B-19DB338B45EF}.Debug|x86.ActiveCfg = Debug|x86
		{6F8D107A-8CBA-467E-966B-19DB338B45EF}.Debug|x86.Build.0 = Debug|x86
		{6F8D107A-8CBA-467E-966B-19DB338B45EF}.Debug|x86.Deploy.0 = Debug|x86
		{6F8D107A-8CBA-467E-966B-19DB338B45EF}.Release|Any CPU.ActiveCfg = Release|x64
		{6F8D107A-8CBA-467E-966B-19DB338B45EF}.Release|Any CPU.Build.0 = Release|x64
		{6F8D107A-8CBA-467E-966B-19DB338B45EF}.Release|Any CPU.Deploy.0 = Release|x64
		{6F8D107A-8CBA-467E-966B-19DB338B45EF}.Release|ARM.ActiveCfg = Release|ARM
		{6F8D107A-8CBA-467E-966B-19DB338B45EF}.Release|ARM.Build.0 = Release|ARM
		{6F8D107A-8CBA-467E-966B-19DB338B45EF}.Release|ARM.Deploy.0 = Release|ARM
		{6F8D107A-8CBA-467E-966B-19DB338B45EF}.Release|iPhone.ActiveCfg = Release|x64
		{6F8D107A-8CBA-467E-966B-19DB338B45EF}.Release|iPhone.Build.0 = Release|x64
		{6F8D107A-8CBA-467E-966B-19DB338B45EF}.Release|iPhone.Deploy.0 = Release|x64
		{6F8D107A-8CBA-467E-966B-19DB338B45EF}.Release|iPhoneSimulator.ActiveCfg = Release|x64
		{6F8D107A-8CBA-467E-966B-19DB338B45EF}.Release|iPhoneSimulator.Build.0 = Release|x64
		{6F8D107A-8CBA-467E-966B-19DB338B45EF}.Release|iPhoneSimulator.Deploy.0 = Release|x64
		{6F8D107A-8CBA-467E-966B-19DB338B45EF}.Release|x64.ActiveCfg = Release|x64
		{6F8D107A-8CBA-467E-966B-19DB338B45EF}.Release|x64.Build.0 = Release|x64
		{6F8D107A-8CBA-467E-966B-19DB338B45EF}.Release|x64.Deploy.0 = Release|x64
		{6F8D107A-8CBA-467E-966B-19DB338B45EF}.Release|x86.ActiveCfg = Release|x86
		{6F8D107A-8CBA-467E-966B-19DB338B45EF}.Release|x86.Build.0 = Release|x86
		{6F8D107A-8CBA-467E-966B-19DB338B45EF}.Release|x86.Deploy.0 = Release|x86
		{BD4FBE9C-2E34-4C54-A21D-ED02E228B8BA}.Debug|Any CPU.ActiveCfg = Debug|Any CPU
		{BD4FBE9C-2E34-4C54-A21D-ED02E228B8BA}.Debug|Any CPU.Build.0 = Debug|Any CPU
		{BD4FBE9C-2E34-4C54-A21D-ED02E228B8BA}.Debug|Any CPU.Deploy.0 = Debug|Any CPU
		{BD4FBE9C-2E34-4C54-A21D-ED02E228B8BA}.Debug|ARM.ActiveCfg = Debug|Any CPU
		{BD4FBE9C-2E34-4C54-A21D-ED02E228B8BA}.Debug|ARM.Build.0 = Debug|Any CPU
		{BD4FBE9C-2E34-4C54-A21D-ED02E228B8BA}.Debug|ARM.Deploy.0 = Debug|Any CPU
		{BD4FBE9C-2E34-4C54-A21D-ED02E228B8BA}.Debug|iPhone.ActiveCfg = Debug|Any CPU
		{BD4FBE9C-2E34-4C54-A21D-ED02E228B8BA}.Debug|iPhone.Build.0 = Debug|Any CPU
		{BD4FBE9C-2E34-4C54-A21D-ED02E228B8BA}.Debug|iPhone.Deploy.0 = Debug|Any CPU
		{BD4FBE9C-2E34-4C54-A21D-ED02E228B8BA}.Debug|iPhoneSimulator.ActiveCfg = Debug|Any CPU
		{BD4FBE9C-2E34-4C54-A21D-ED02E228B8BA}.Debug|iPhoneSimulator.Build.0 = Debug|Any CPU
		{BD4FBE9C-2E34-4C54-A21D-ED02E228B8BA}.Debug|iPhoneSimulator.Deploy.0 = Debug|Any CPU
		{BD4FBE9C-2E34-4C54-A21D-ED02E228B8BA}.Debug|x64.ActiveCfg = Debug|Any CPU
		{BD4FBE9C-2E34-4C54-A21D-ED02E228B8BA}.Debug|x64.Build.0 = Debug|Any CPU
		{BD4FBE9C-2E34-4C54-A21D-ED02E228B8BA}.Debug|x64.Deploy.0 = Debug|Any CPU
		{BD4FBE9C-2E34-4C54-A21D-ED02E228B8BA}.Debug|x86.ActiveCfg = Debug|Any CPU
		{BD4FBE9C-2E34-4C54-A21D-ED02E228B8BA}.Debug|x86.Build.0 = Debug|Any CPU
		{BD4FBE9C-2E34-4C54-A21D-ED02E228B8BA}.Debug|x86.Deploy.0 = Debug|Any CPU
		{BD4FBE9C-2E34-4C54-A21D-ED02E228B8BA}.Release|Any CPU.ActiveCfg = Release|Any CPU
		{BD4FBE9C-2E34-4C54-A21D-ED02E228B8BA}.Release|Any CPU.Build.0 = Release|Any CPU
		{BD4FBE9C-2E34-4C54-A21D-ED02E228B8BA}.Release|Any CPU.Deploy.0 = Release|Any CPU
		{BD4FBE9C-2E34-4C54-A21D-ED02E228B8BA}.Release|ARM.ActiveCfg = Release|Any CPU
		{BD4FBE9C-2E34-4C54-A21D-ED02E228B8BA}.Release|ARM.Build.0 = Release|Any CPU
		{BD4FBE9C-2E34-4C54-A21D-ED02E228B8BA}.Release|ARM.Deploy.0 = Release|Any CPU
		{BD4FBE9C-2E34-4C54-A21D-ED02E228B8BA}.Release|iPhone.ActiveCfg = Release|Any CPU
		{BD4FBE9C-2E34-4C54-A21D-ED02E228B8BA}.Release|iPhone.Build.0 = Release|Any CPU
		{BD4FBE9C-2E34-4C54-A21D-ED02E228B8BA}.Release|iPhone.Deploy.0 = Release|Any CPU
		{BD4FBE9C-2E34-4C54-A21D-ED02E228B8BA}.Release|iPhoneSimulator.ActiveCfg = Release|Any CPU
		{BD4FBE9C-2E34-4C54-A21D-ED02E228B8BA}.Release|iPhoneSimulator.Build.0 = Release|Any CPU
		{BD4FBE9C-2E34-4C54-A21D-ED02E228B8BA}.Release|iPhoneSimulator.Deploy.0 = Release|Any CPU
		{BD4FBE9C-2E34-4C54-A21D-ED02E228B8BA}.Release|x64.ActiveCfg = Release|Any CPU
		{BD4FBE9C-2E34-4C54-A21D-ED02E228B8BA}.Release|x64.Build.0 = Release|Any CPU
		{BD4FBE9C-2E34-4C54-A21D-ED02E228B8BA}.Release|x64.Deploy.0 = Release|Any CPU
		{BD4FBE9C-2E34-4C54-A21D-ED02E228B8BA}.Release|x86.ActiveCfg = Release|Any CPU
		{BD4FBE9C-2E34-4C54-A21D-ED02E228B8BA}.Release|x86.Build.0 = Release|Any CPU
		{BD4FBE9C-2E34-4C54-A21D-ED02E228B8BA}.Release|x86.Deploy.0 = Release|Any CPU
		{55DA1026-AF22-468D-9C29-4FB0F8CB86CE}.Debug|Any CPU.ActiveCfg = Debug|iPhoneSimulator
		{55DA1026-AF22-468D-9C29-4FB0F8CB86CE}.Debug|Any CPU.Build.0 = Debug|iPhoneSimulator
		{55DA1026-AF22-468D-9C29-4FB0F8CB86CE}.Debug|Any CPU.Deploy.0 = Debug|iPhoneSimulator
		{55DA1026-AF22-468D-9C29-4FB0F8CB86CE}.Debug|ARM.ActiveCfg = Debug|iPhoneSimulator
		{55DA1026-AF22-468D-9C29-4FB0F8CB86CE}.Debug|ARM.Build.0 = Debug|iPhoneSimulator
		{55DA1026-AF22-468D-9C29-4FB0F8CB86CE}.Debug|ARM.Deploy.0 = Debug|iPhoneSimulator
		{55DA1026-AF22-468D-9C29-4FB0F8CB86CE}.Debug|iPhone.ActiveCfg = Debug|iPhone
		{55DA1026-AF22-468D-9C29-4FB0F8CB86CE}.Debug|iPhone.Build.0 = Debug|iPhone
		{55DA1026-AF22-468D-9C29-4FB0F8CB86CE}.Debug|iPhone.Deploy.0 = Debug|iPhone
		{55DA1026-AF22-468D-9C29-4FB0F8CB86CE}.Debug|iPhoneSimulator.ActiveCfg = Debug|iPhoneSimulator
		{55DA1026-AF22-468D-9C29-4FB0F8CB86CE}.Debug|iPhoneSimulator.Build.0 = Debug|iPhoneSimulator
		{55DA1026-AF22-468D-9C29-4FB0F8CB86CE}.Debug|iPhoneSimulator.Deploy.0 = Debug|iPhoneSimulator
		{55DA1026-AF22-468D-9C29-4FB0F8CB86CE}.Debug|x64.ActiveCfg = Debug|iPhone
		{55DA1026-AF22-468D-9C29-4FB0F8CB86CE}.Debug|x64.Build.0 = Debug|iPhone
		{55DA1026-AF22-468D-9C29-4FB0F8CB86CE}.Debug|x64.Deploy.0 = Debug|iPhone
		{55DA1026-AF22-468D-9C29-4FB0F8CB86CE}.Debug|x86.ActiveCfg = Debug|iPhoneSimulator
		{55DA1026-AF22-468D-9C29-4FB0F8CB86CE}.Debug|x86.Build.0 = Debug|iPhoneSimulator
		{55DA1026-AF22-468D-9C29-4FB0F8CB86CE}.Debug|x86.Deploy.0 = Debug|iPhoneSimulator
		{55DA1026-AF22-468D-9C29-4FB0F8CB86CE}.Release|Any CPU.ActiveCfg = Release|iPhoneSimulator
		{55DA1026-AF22-468D-9C29-4FB0F8CB86CE}.Release|Any CPU.Build.0 = Release|iPhoneSimulator
		{55DA1026-AF22-468D-9C29-4FB0F8CB86CE}.Release|Any CPU.Deploy.0 = Release|iPhoneSimulator
		{55DA1026-AF22-468D-9C29-4FB0F8CB86CE}.Release|ARM.ActiveCfg = Release|iPhoneSimulator
		{55DA1026-AF22-468D-9C29-4FB0F8CB86CE}.Release|ARM.Build.0 = Release|iPhoneSimulator
		{55DA1026-AF22-468D-9C29-4FB0F8CB86CE}.Release|ARM.Deploy.0 = Release|iPhoneSimulator
		{55DA1026-AF22-468D-9C29-4FB0F8CB86CE}.Release|iPhone.ActiveCfg = Release|iPhone
		{55DA1026-AF22-468D-9C29-4FB0F8CB86CE}.Release|iPhone.Build.0 = Release|iPhone
		{55DA1026-AF22-468D-9C29-4FB0F8CB86CE}.Release|iPhone.Deploy.0 = Release|iPhone
		{55DA1026-AF22-468D-9C29-4FB0F8CB86CE}.Release|iPhoneSimulator.ActiveCfg = Release|iPhoneSimulator
		{55DA1026-AF22-468D-9C29-4FB0F8CB86CE}.Release|iPhoneSimulator.Build.0 = Release|iPhoneSimulator
		{55DA1026-AF22-468D-9C29-4FB0F8CB86CE}.Release|iPhoneSimulator.Deploy.0 = Release|iPhoneSimulator
		{55DA1026-AF22-468D-9C29-4FB0F8CB86CE}.Release|x64.ActiveCfg = Release|iPhoneSimulator
		{55DA1026-AF22-468D-9C29-4FB0F8CB86CE}.Release|x64.Build.0 = Release|iPhoneSimulator
		{55DA1026-AF22-468D-9C29-4FB0F8CB86CE}.Release|x64.Deploy.0 = Release|iPhoneSimulator
		{55DA1026-AF22-468D-9C29-4FB0F8CB86CE}.Release|x86.ActiveCfg = Release|iPhoneSimulator
		{55DA1026-AF22-468D-9C29-4FB0F8CB86CE}.Release|x86.Build.0 = Release|iPhoneSimulator
		{55DA1026-AF22-468D-9C29-4FB0F8CB86CE}.Release|x86.Deploy.0 = Release|iPhoneSimulator
		{B9DB7C0E-E3A1-4656-9860-25D5CBF93442}.Debug|Any CPU.ActiveCfg = Debug|Any CPU
		{B9DB7C0E-E3A1-4656-9860-25D5CBF93442}.Debug|Any CPU.Build.0 = Debug|Any CPU
		{B9DB7C0E-E3A1-4656-9860-25D5CBF93442}.Debug|Any CPU.Deploy.0 = Debug|Any CPU
		{B9DB7C0E-E3A1-4656-9860-25D5CBF93442}.Debug|ARM.ActiveCfg = Debug|Any CPU
		{B9DB7C0E-E3A1-4656-9860-25D5CBF93442}.Debug|ARM.Build.0 = Debug|Any CPU
		{B9DB7C0E-E3A1-4656-9860-25D5CBF93442}.Debug|ARM.Deploy.0 = Debug|Any CPU
		{B9DB7C0E-E3A1-4656-9860-25D5CBF93442}.Debug|iPhone.ActiveCfg = Debug|Any CPU
		{B9DB7C0E-E3A1-4656-9860-25D5CBF93442}.Debug|iPhone.Build.0 = Debug|Any CPU
		{B9DB7C0E-E3A1-4656-9860-25D5CBF93442}.Debug|iPhone.Deploy.0 = Debug|Any CPU
		{B9DB7C0E-E3A1-4656-9860-25D5CBF93442}.Debug|iPhoneSimulator.ActiveCfg = Debug|Any CPU
		{B9DB7C0E-E3A1-4656-9860-25D5CBF93442}.Debug|iPhoneSimulator.Build.0 = Debug|Any CPU
		{B9DB7C0E-E3A1-4656-9860-25D5CBF93442}.Debug|iPhoneSimulator.Deploy.0 = Debug|Any CPU
		{B9DB7C0E-E3A1-4656-9860-25D5CBF93442}.Debug|x64.ActiveCfg = Debug|Any CPU
		{B9DB7C0E-E3A1-4656-9860-25D5CBF93442}.Debug|x64.Build.0 = Debug|Any CPU
		{B9DB7C0E-E3A1-4656-9860-25D5CBF93442}.Debug|x64.Deploy.0 = Debug|Any CPU
		{B9DB7C0E-E3A1-4656-9860-25D5CBF93442}.Debug|x86.ActiveCfg = Debug|Any CPU
		{B9DB7C0E-E3A1-4656-9860-25D5CBF93442}.Debug|x86.Build.0 = Debug|Any CPU
		{B9DB7C0E-E3A1-4656-9860-25D5CBF93442}.Debug|x86.Deploy.0 = Debug|Any CPU
		{B9DB7C0E-E3A1-4656-9860-25D5CBF93442}.Release|Any CPU.ActiveCfg = Release|Any CPU
		{B9DB7C0E-E3A1-4656-9860-25D5CBF93442}.Release|Any CPU.Build.0 = Release|Any CPU
		{B9DB7C0E-E3A1-4656-9860-25D5CBF93442}.Release|Any CPU.Deploy.0 = Release|Any CPU
		{B9DB7C0E-E3A1-4656-9860-25D5CBF93442}.Release|ARM.ActiveCfg = Release|Any CPU
		{B9DB7C0E-E3A1-4656-9860-25D5CBF93442}.Release|ARM.Build.0 = Release|Any CPU
		{B9DB7C0E-E3A1-4656-9860-25D5CBF93442}.Release|ARM.Deploy.0 = Release|Any CPU
		{B9DB7C0E-E3A1-4656-9860-25D5CBF93442}.Release|iPhone.ActiveCfg = Release|Any CPU
		{B9DB7C0E-E3A1-4656-9860-25D5CBF93442}.Release|iPhone.Build.0 = Release|Any CPU
		{B9DB7C0E-E3A1-4656-9860-25D5CBF93442}.Release|iPhone.Deploy.0 = Release|Any CPU
		{B9DB7C0E-E3A1-4656-9860-25D5CBF93442}.Release|iPhoneSimulator.ActiveCfg = Release|Any CPU
		{B9DB7C0E-E3A1-4656-9860-25D5CBF93442}.Release|iPhoneSimulator.Build.0 = Release|Any CPU
		{B9DB7C0E-E3A1-4656-9860-25D5CBF93442}.Release|iPhoneSimulator.Deploy.0 = Release|Any CPU
		{B9DB7C0E-E3A1-4656-9860-25D5CBF93442}.Release|x64.ActiveCfg = Release|Any CPU
		{B9DB7C0E-E3A1-4656-9860-25D5CBF93442}.Release|x64.Build.0 = Release|Any CPU
		{B9DB7C0E-E3A1-4656-9860-25D5CBF93442}.Release|x64.Deploy.0 = Release|Any CPU
		{B9DB7C0E-E3A1-4656-9860-25D5CBF93442}.Release|x86.ActiveCfg = Release|Any CPU
		{B9DB7C0E-E3A1-4656-9860-25D5CBF93442}.Release|x86.Build.0 = Release|Any CPU
		{B9DB7C0E-E3A1-4656-9860-25D5CBF93442}.Release|x86.Deploy.0 = Release|Any CPU
	EndGlobalSection
	GlobalSection(SolutionProperties) = preSolution
		HideSolutionNode = FALSE
	EndGlobalSection
	GlobalSection(ExtensibilityGlobals) = postSolution
		SolutionGuid = {8371DCB3-F08E-4440-BB79-C923F2BF9DB8}
	EndGlobalSection
EndGlobal
